
Microsoft Visual Studio Solution File, Format Version 12.00
# Visual Studio Version 17
VisualStudioVersion = 17.13.35931.197
MinimumVisualStudioVersion = 10.0.40219.1
Project("{FAE04EC0-301F-11D3-BF4B-00C04F79EFBC}") = "EasyStacks", "EasyStacks.csproj", "{114EEF01-6948-4AD4-9E88-5EAF228EA589}"
EndProject
Global
	GlobalSection(SolutionConfigurationPlatforms) = preSolution
		Debug|Any CPU = Debug|Any CPU
		Release|Any CPU = Release|Any CPU
	EndGlobalSection
	GlobalSection(ProjectConfigurationPlatforms) = postSolution
		{114EEF01-6948-4AD4-9E88-5EAF228EA589}.Debug|Any CPU.ActiveCfg = Debug|Any CPU
		{114EEF01-6948-4AD4-9E88-5EAF228EA589}.Debug|Any CPU.Build.0 = Debug|Any CPU
		{114EEF01-6948-4AD4-9E88-5EAF228EA589}.Release|Any CPU.ActiveCfg = Release|Any CPU
		{114EEF01-6948-4AD4-9E88-5EAF228EA589}.Release|Any CPU.Build.0 = Release|Any CPU
	EndGlobalSection
	GlobalSection(SolutionProperties) = preSolution
		HideSolutionNode = FALSE
	EndGlobalSection
	GlobalSection(ExtensibilityGlobals) = postSolution
		SolutionGuid = {DF93FF5F-A93D-40F4-B3BC-6E9FCFEE5486}
	EndGlobalSection
EndGlobal
